{
  "name": "tstd",
  "version": "1.0.0",
  "lockfileVersion": 2,
  "requires": true,
  "packages": {
    "": {
      "name": "tstd",
      "version": "1.0.0",
      "license": "ISC",
      "dependencies": {
        "@types/lodash": "^4.14.175",
        "lodash": "^4.17.21"
      }
    },
    "node_modules/@types/lodash": {
      "version": "4.14.175",
      "resolved": "https://registry.npmjs.org/@types/lodash/-/lodash-4.14.175.tgz",
      "integrity": "sha512-XmdEOrKQ8a1Y/yxQFOMbC47G/V2VDO1GvMRnl4O75M4GW/abC5tnfzadQYkqEveqRM1dEJGFFegfPNA2vvx2iw=="
    },
    "node_modules/lodash": {
      "version": "4.17.21",
      "resolved": "https://registry.npmjs.org/lodash/-/lodash-4.17.21.tgz",
      "integrity": "sha512-v2kDEe57lecTulaDIuNTPy3Ry4gLGJ6Z1O3vE1krgXZNrsQ+LFTGHVxVjcXPs17LhbZVGedAJv8XZ1tvj5FvSg=="
    }
  },
  "dependencies": {
    "@types/lodash": {
      "version": "4.14.175",
      "resolved": "https://registry.npmjs.org/@types/lodash/-/lodash-4.14.175.tgz",
      "integrity": "sha512-XmdEOrKQ8a1Y/yxQFOMbC47G/V2VDO1GvMRnl4O75M4GW/abC5tnfzadQYkqEveqRM1dEJGFFegfPNA2vvx2iw=="
    },
    "lodash": {
      "version": "4.17.21",
      "resolved": "https://registry.npmjs.org/lodash/-/lodash-4.17.21.tgz",
      "integrity": "sha512-v2kDEe57lecTulaDIuNTPy3Ry4gLGJ6Z1O3vE1krgXZNrsQ+LFTGHVxVjcXPs17LhbZVGedAJv8XZ1tvj5FvSg=="
    }
  }
}
